// !$*UTF8*$!
{
	archiveVersion = 1;
	classes = {
	};
	objectVersion = 48;
	objects = {

/* Begin PBXBuildFile section */
		097D23D11F30707100DF7649 /* AppDelegate.swift in Sources */ = {isa = PBXBuildFile; fileRef = 097D23D01F30707100DF7649 /* AppDelegate.swift */; };
		097D23D31F30707100DF7649 /* ViewController.swift in Sources */ = {isa = PBXBuildFile; fileRef = 097D23D21F30707100DF7649 /* ViewController.swift */; };
		097D23D61F30707100DF7649 /* Main.storyboard in Resources */ = {isa = PBXBuildFile; fileRef = 097D23D41F30707100DF7649 /* Main.storyboard */; };
		097D23D81F30707100DF7649 /* Assets.xcassets in Resources */ = {isa = PBXBuildFile; fileRef = 097D23D71F30707100DF7649 /* Assets.xcassets */; };
		097D23DB1F30707100DF7649 /* LaunchScreen.storyboard in Resources */ = {isa = PBXBuildFile; fileRef = 097D23D91F30707100DF7649 /* LaunchScreen.storyboard */; };
		097D23E61F30707100DF7649 /* DragAndDropResearchTests.swift in Sources */ = {isa = PBXBuildFile; fileRef = 097D23E51F30707100DF7649 /* DragAndDropResearchTests.swift */; };
		097D23F11F30707100DF7649 /* DragAndDropResearchUITests.swift in Sources */ = {isa = PBXBuildFile; fileRef = 097D23F01F30707100DF7649 /* DragAndDropResearchUITests.swift */; };
		097D23FF1F30709800DF7649 /* DragToPasteViewController.swift in Sources */ = {isa = PBXBuildFile; fileRef = 097D23FE1F30709800DF7649 /* DragToPasteViewController.swift */; };
		9E258FF838920528730B3119 /* Pods_DragAndDropResearchUITests.framework in Frameworks */ = {isa = PBXBuildFile; fileRef = 7737823FE68111B7D672F6CD /* Pods_DragAndDropResearchUITests.framework */; };
		B3A028C7BCAA343105265B2A /* Pods_DragAndDropResearchTests.framework in Frameworks */ = {isa = PBXBuildFile; fileRef = 27F98AC24281058E2E40378A /* Pods_DragAndDropResearchTests.framework */; };
		D4187AF7E878BB13B2F6CF8E /* Pods_DragAndDropResearch.framework in Frameworks */ = {isa = PBXBuildFile; fileRef = 7C4D611ECD77AF9423C94B2B /* Pods_DragAndDropResearch.framework */; };
/* End PBXBuildFile section */

/* Begin PBXContainerItemProxy section */
		097D23E21F30707100DF7649 /* PBXContainerItemProxy */ = {
			isa = PBXContainerItemProxy;
			containerPortal = 097D23C51F30707100DF7649 /* Project object */;
			proxyType = 1;
			remoteGlobalIDString = 097D23CC1F30707100DF7649;
			remoteInfo = DragAndDropResearch;
		};
		097D23ED1F30707100DF7649 /* PBXContainerItemProxy */ = {
			isa = PBXContainerItemProxy;
			containerPortal = 097D23C51F30707100DF7649 /* Project object */;
			proxyType = 1;
			remoteGlobalIDString = 097D23CC1F30707100DF7649;
			remoteInfo = DragAndDropResearch;
		};
/* End PBXContainerItemProxy section */

/* Begin PBXFileReference section */
		097D23CD1F30707100DF7649 /* DragAndDropResearch.app */ = {isa = PBXFileReference; explicitFileType = wrapper.application; includeInIndex = 0; path = DragAndDropResearch.app; sourceTree = BUILT_PRODUCTS_DIR; };
		097D23D01F30707100DF7649 /* AppDelegate.swift */ = {isa = PBXFileReference; lastKnownFileType = sourcecode.swift; path = AppDelegate.swift; sourceTree = "<group>"; };
		097D23D21F30707100DF7649 /* ViewController.swift */ = {isa = PBXFileReference; lastKnownFileType = sourcecode.swift; path = ViewController.swift; sourceTree = "<group>"; };
		097D23D51F30707100DF7649 /* Base */ = {isa = PBXFileReference; lastKnownFileType = file.storyboard; name = Base; path = Base.lproj/Main.storyboard; sourceTree = "<group>"; };
		097D23D71F30707100DF7649 /* Assets.xcassets */ = {isa = PBXFileReference; lastKnownFileType = folder.assetcatalog; path = Assets.xcassets; sourceTree = "<group>"; };
		097D23DA1F30707100DF7649 /* Base */ = {isa = PBXFileReference; lastKnownFileType = file.storyboard; name = Base; path = Base.lproj/LaunchScreen.storyboard; sourceTree = "<group>"; };
		097D23DC1F30707100DF7649 /* Info.plist */ = {isa = PBXFileReference; lastKnownFileType = text.plist.xml; path = Info.plist; sourceTree = "<group>"; };
		097D23E11F30707100DF7649 /* DragAndDropResearchTests.xctest */ = {isa = PBXFileReference; explicitFileType = wrapper.cfbundle; includeInIndex = 0; path = DragAndDropResearchTests.xctest; sourceTree = BUILT_PRODUCTS_DIR; };
		097D23E51F30707100DF7649 /* DragAndDropResearchTests.swift */ = {isa = PBXFileReference; lastKnownFileType = sourcecode.swift; path = DragAndDropResearchTests.swift; sourceTree = "<group>"; };
		097D23E71F30707100DF7649 /* Info.plist */ = {isa = PBXFileReference; lastKnownFileType = text.plist.xml; path = Info.plist; sourceTree = "<group>"; };
		097D23EC1F30707100DF7649 /* DragAndDropResearchUITests.xctest */ = {isa = PBXFileReference; explicitFileType = wrapper.cfbundle; includeInIndex = 0; path = DragAndDropResearchUITests.xctest; sourceTree = BUILT_PRODUCTS_DIR; };
		097D23F01F30707100DF7649 /* DragAndDropResearchUITests.swift */ = {isa = PBXFileReference; lastKnownFileType = sourcecode.swift; path = DragAndDropResearchUITests.swift; sourceTree = "<group>"; };
		097D23F21F30707100DF7649 /* Info.plist */ = {isa = PBXFileReference; lastKnownFileType = text.plist.xml; path = Info.plist; sourceTree = "<group>"; };
		097D23FE1F30709800DF7649 /* DragToPasteViewController.swift */ = {isa = PBXFileReference; lastKnownFileType = sourcecode.swift; path = DragToPasteViewController.swift; sourceTree = "<group>"; };
		123AA62B1E62C618BC9E4A21 /* Pods-DragAndDropResearchTests.release.xcconfig */ = {isa = PBXFileReference; includeInIndex = 1; lastKnownFileType = text.xcconfig; name = "Pods-DragAndDropResearchTests.release.xcconfig"; path = "Pods/Target Support Files/Pods-DragAndDropResearchTests/Pods-DragAndDropResearchTests.release.xcconfig"; sourceTree = "<group>"; };
		23133418AF4FA778474DDB23 /* Pods-DragAndDropResearchTests.debug.xcconfig */ = {isa = PBXFileReference; includeInIndex = 1; lastKnownFileType = text.xcconfig; name = "Pods-DragAndDropResearchTests.debug.xcconfig"; path = "Pods/Target Support Files/Pods-DragAndDropResearchTests/Pods-DragAndDropResearchTests.debug.xcconfig"; sourceTree = "<group>"; };
		27F98AC24281058E2E40378A /* Pods_DragAndDropResearchTests.framework */ = {isa = PBXFileReference; explicitFileType = wrapper.framework; includeInIndex = 0; path = Pods_DragAndDropResearchTests.framework; sourceTree = BUILT_PRODUCTS_DIR; };
		7737823FE68111B7D672F6CD /* Pods_DragAndDropResearchUITests.framework */ = {isa = PBXFileReference; explicitFileType = wrapper.framework; includeInIndex = 0; path = Pods_DragAndDropResearchUITests.framework; sourceTree = BUILT_PRODUCTS_DIR; };
		7C4D611ECD77AF9423C94B2B /* Pods_DragAndDropResearch.framework */ = {isa = PBXFileReference; explicitFileType = wrapper.framework; includeInIndex = 0; path = Pods_DragAndDropResearch.framework; sourceTree = BUILT_PRODUCTS_DIR; };
		815D0752A75105495C32BA57 /* Pods-DragAndDropResearchUITests.release.xcconfig */ = {isa = PBXFileReference; includeInIndex = 1; lastKnownFileType = text.xcconfig; name = "Pods-DragAndDropResearchUITests.release.xcconfig"; path = "Pods/Target Support Files/Pods-DragAndDropResearchUITests/Pods-DragAndDropResearchUITests.release.xcconfig"; sourceTree = "<group>"; };
		C1BF6CF9ECF2E125024BF5D2 /* Pods-DragAndDropResearchUITests.debug.xcconfig */ = {isa = PBXFileReference; includeInIndex = 1; lastKnownFileType = text.xcconfig; name = "Pods-DragAndDropResearchUITests.debug.xcconfig"; path = "Pods/Target Support Files/Pods-DragAndDropResearchUITests/Pods-DragAndDropResearchUITests.debug.xcconfig"; sourceTree = "<group>"; };
		C565400F533C8815DBD4D3D7 /* Pods-DragAndDropResearch.release.xcconfig */ = {isa = PBXFileReference; includeInIndex = 1; lastKnownFileType = text.xcconfig; name = "Pods-DragAndDropResearch.release.xcconfig"; path = "Pods/Target Support Files/Pods-DragAndDropResearch/Pods-DragAndDropResearch.release.xcconfig"; sourceTree = "<group>"; };
		D9CEF0712F55B665E1071718 /* Pods-DragAndDropResearch.debug.xcconfig */ = {isa = PBXFileReference; includeInIndex = 1; lastKnownFileType = text.xcconfig; name = "Pods-DragAndDropResearch.debug.xcconfig"; path = "Pods/Target Support Files/Pods-DragAndDropResearch/Pods-DragAndDropResearch.debug.xcconfig"; sourceTree = "<group>"; };
/* End PBXFileReference section */

/* Begin PBXFrameworksBuildPhase section */
		097D23CA1F30707100DF7649 /* Frameworks */ = {
			isa = PBXFrameworksBuildPhase;
			buildActionMask = 2147483647;
			files = (
				D4187AF7E878BB13B2F6CF8E /* Pods_DragAndDropResearch.framework in Frameworks */,
			);
			runOnlyForDeploymentPostprocessing = 0;
		};
		097D23DE1F30707100DF7649 /* Frameworks */ = {
			isa = PBXFrameworksBuildPhase;
			buildActionMask = 2147483647;
			files = (
				B3A028C7BCAA343105265B2A /* Pods_DragAndDropResearchTests.framework in Frameworks */,
			);
			runOnlyForDeploymentPostprocessing = 0;
		};
		097D23E91F30707100DF7649 /* Frameworks */ = {
			isa = PBXFrameworksBuildPhase;
			buildActionMask = 2147483647;
			files = (
				9E258FF838920528730B3119 /* Pods_DragAndDropResearchUITests.framework in Frameworks */,
			);
			runOnlyForDeploymentPostprocessing = 0;
		};
/* End PBXFrameworksBuildPhase section */

/* Begin PBXGroup section */
		065D630AADCA80FF44A3BA39 /* Pods */ = {
			isa = PBXGroup;
			children = (
				D9CEF0712F55B665E1071718 /* Pods-DragAndDropResearch.debug.xcconfig */,
				C565400F533C8815DBD4D3D7 /* Pods-DragAndDropResearch.release.xcconfig */,
				23133418AF4FA778474DDB23 /* Pods-DragAndDropResearchTests.debug.xcconfig */,
				123AA62B1E62C618BC9E4A21 /* Pods-DragAndDropResearchTests.release.xcconfig */,
				C1BF6CF9ECF2E125024BF5D2 /* Pods-DragAndDropResearchUITests.debug.xcconfig */,
				815D0752A75105495C32BA57 /* Pods-DragAndDropResearchUITests.release.xcconfig */,
			);
			name = Pods;
			sourceTree = "<group>";
		};
		097D23C41F30707100DF7649 = {
			isa = PBXGroup;
			children = (
				097D23CF1F30707100DF7649 /* DragAndDropResearch */,
				097D23E41F30707100DF7649 /* DragAndDropResearchTests */,
				097D23EF1F30707100DF7649 /* DragAndDropResearchUITests */,
				097D23CE1F30707100DF7649 /* Products */,
				065D630AADCA80FF44A3BA39 /* Pods */,
				9C8AAE23996737951F1E05D6 /* Frameworks */,
			);
			sourceTree = "<group>";
		};
		097D23CE1F30707100DF7649 /* Products */ = {
			isa = PBXGroup;
			children = (
				097D23CD1F30707100DF7649 /* DragAndDropResearch.app */,
				097D23E11F30707100DF7649 /* DragAndDropResearchTests.xctest */,
				097D23EC1F30707100DF7649 /* DragAndDropResearchUITests.xctest */,
			);
			name = Products;
			sourceTree = "<group>";
		};
		097D23CF1F30707100DF7649 /* DragAndDropResearch */ = {
			isa = PBXGroup;
			children = (
				097D23D01F30707100DF7649 /* AppDelegate.swift */,
				097D23D21F30707100DF7649 /* ViewController.swift */,
				097D23FE1F30709800DF7649 /* DragToPasteViewController.swift */,
				097D23D41F30707100DF7649 /* Main.storyboard */,
				097D23D71F30707100DF7649 /* Assets.xcassets */,
				097D23D91F30707100DF7649 /* LaunchScreen.storyboard */,
				097D23DC1F30707100DF7649 /* Info.plist */,
			);
			path = DragAndDropResearch;
			sourceTree = "<group>";
		};
		097D23E41F30707100DF7649 /* DragAndDropResearchTests */ = {
			isa = PBXGroup;
			children = (
				097D23E51F30707100DF7649 /* DragAndDropResearchTests.swift */,
				097D23E71F30707100DF7649 /* Info.plist */,
			);
			path = DragAndDropResearchTests;
			sourceTree = "<group>";
		};
		097D23EF1F30707100DF7649 /* DragAndDropResearchUITests */ = {
			isa = PBXGroup;
			children = (
				097D23F01F30707100DF7649 /* DragAndDropResearchUITests.swift */,
				097D23F21F30707100DF7649 /* Info.plist */,
			);
			path = DragAndDropResearchUITests;
			sourceTree = "<group>";
		};
		9C8AAE23996737951F1E05D6 /* Frameworks */ = {
			isa = PBXGroup;
			children = (
				7C4D611ECD77AF9423C94B2B /* Pods_DragAndDropResearch.framework */,
				27F98AC24281058E2E40378A /* Pods_DragAndDropResearchTests.framework */,
				7737823FE68111B7D672F6CD /* Pods_DragAndDropResearchUITests.framework */,
			);
			name = Frameworks;
			sourceTree = "<group>";
		};
/* End PBXGroup section */

/* Begin PBXNativeTarget section */
		097D23CC1F30707100DF7649 /* DragAndDropResearch */ = {
			isa = PBXNativeTarget;
			buildConfigurationList = 097D23F51F30707100DF7649 /* Build configuration list for PBXNativeTarget "DragAndDropResearch" */;
			buildPhases = (
				D8AEA1D4D08B2E97CB73CE5B /* [CP] Check Pods Manifest.lock */,
				097D23C91F30707100DF7649 /* Sources */,
				097D23CA1F30707100DF7649 /* Frameworks */,
				097D23CB1F30707100DF7649 /* Resources */,
				F7BB1143B4A8E1A74BB5F07F /* [CP] Embed Pods Frameworks */,
				1235B9F331745DDA5F42DCFC /* [CP] Copy Pods Resources */,
			);
			buildRules = (
			);
			dependencies = (
			);
			name = DragAndDropResearch;
			productName = DragAndDropResearch;
			productReference = 097D23CD1F30707100DF7649 /* DragAndDropResearch.app */;
			productType = "com.apple.product-type.application";
		};
		097D23E01F30707100DF7649 /* DragAndDropResearchTests */ = {
			isa = PBXNativeTarget;
			buildConfigurationList = 097D23F81F30707100DF7649 /* Build configuration list for PBXNativeTarget "DragAndDropResearchTests" */;
			buildPhases = (
				0701F63F51CA066078021E7B /* [CP] Check Pods Manifest.lock */,
				097D23DD1F30707100DF7649 /* Sources */,
				097D23DE1F30707100DF7649 /* Frameworks */,
				097D23DF1F30707100DF7649 /* Resources */,
				E60DF091AB4BDD0ED2232386 /* [CP] Embed Pods Frameworks */,
				AA5FA328A52DBAD721519E3A /* [CP] Copy Pods Resources */,
			);
			buildRules = (
			);
			dependencies = (
				097D23E31F30707100DF7649 /* PBXTargetDependency */,
			);
			name = DragAndDropResearchTests;
			productName = DragAndDropResearchTests;
			productReference = 097D23E11F30707100DF7649 /* DragAndDropResearchTests.xctest */;
			productType = "com.apple.product-type.bundle.unit-test";
		};
		097D23EB1F30707100DF7649 /* DragAndDropResearchUITests */ = {
			isa = PBXNativeTarget;
			buildConfigurationList = 097D23FB1F30707100DF7649 /* Build configuration list for PBXNativeTarget "DragAndDropResearchUITests" */;
			buildPhases = (
				B70955BD75F4CF1ABED776C7 /* [CP] Check Pods Manifest.lock */,
				097D23E81F30707100DF7649 /* Sources */,
				097D23E91F30707100DF7649 /* Frameworks */,
				097D23EA1F30707100DF7649 /* Resources */,
				0F8C67E843AC25E7B3EFA8D1 /* [CP] Embed Pods Frameworks */,
				8708F705A45E501B572D38EC /* [CP] Copy Pods Resources */,
			);
			buildRules = (
			);
			dependencies = (
				097D23EE1F30707100DF7649 /* PBXTargetDependency */,
			);
			name = DragAndDropResearchUITests;
			productName = DragAndDropResearchUITests;
			productReference = 097D23EC1F30707100DF7649 /* DragAndDropResearchUITests.xctest */;
			productType = "com.apple.product-type.bundle.ui-testing";
		};
/* End PBXNativeTarget section */

/* Begin PBXProject section */
		097D23C51F30707100DF7649 /* Project object */ = {
			isa = PBXProject;
			attributes = {
				LastSwiftUpdateCheck = 0900;
				LastUpgradeCheck = 0900;
				ORGANIZATIONNAME = MADAO;
				TargetAttributes = {
					097D23CC1F30707100DF7649 = {
						CreatedOnToolsVersion = 9.0;
					};
					097D23E01F30707100DF7649 = {
						CreatedOnToolsVersion = 9.0;
						TestTargetID = 097D23CC1F30707100DF7649;
					};
					097D23EB1F30707100DF7649 = {
						CreatedOnToolsVersion = 9.0;
						TestTargetID = 097D23CC1F30707100DF7649;
					};
				};
			};
			buildConfigurationList = 097D23C81F30707100DF7649 /* Build configuration list for PBXProject "DragAndDropResearch" */;
			compatibilityVersion = "Xcode 8.0";
			developmentRegion = en;
			hasScannedForEncodings = 0;
			knownRegions = (
				en,
				Base,
			);
			mainGroup = 097D23C41F30707100DF7649;
			productRefGroup = 097D23CE1F30707100DF7649 /* Products */;
			projectDirPath = "";
			projectRoot = "";
			targets = (
				097D23CC1F30707100DF7649 /* DragAndDropResearch */,
				097D23E01F30707100DF7649 /* DragAndDropResearchTests */,
				097D23EB1F30707100DF7649 /* DragAndDropResearchUITests */,
			);
		};
/* End PBXProject section */

/* Begin PBXResourcesBuildPhase section */
		097D23CB1F30707100DF7649 /* Resources */ = {
			isa = PBXResourcesBuildPhase;
			buildActionMask = 2147483647;
			files = (
				097D23DB1F30707100DF7649 /* LaunchScreen.storyboard in Resources */,
				097D23D81F30707100DF7649 /* Assets.xcassets in Resources */,
				097D23D61F30707100DF7649 /* Main.storyboard in Resources */,
			);
			runOnlyForDeploymentPostprocessing = 0;
		};
		097D23DF1F30707100DF7649 /* Resources */ = {
			isa = PBXResourcesBuildPhase;
			buildActionMask = 2147483647;
			files = (
			);
			runOnlyForDeploymentPostprocessing = 0;
		};
		097D23EA1F30707100DF7649 /* Resources */ = {
			isa = PBXResourcesBuildPhase;
			buildActionMask = 2147483647;
			files = (
			);
			runOnlyForDeploymentPostprocessing = 0;
		};
/* End PBXResourcesBuildPhase section */

/* Begin PBXShellScriptBuildPhase section */
		0701F63F51CA066078021E7B /* [CP] Check Pods Manifest.lock */ = {
			isa = PBXShellScriptBuildPhase;
			buildActionMask = 2147483647;
			files = (
			);
			inputPaths = (
			);
			name = "[CP] Check Pods Manifest.lock";
			outputPaths = (
			);
			runOnlyForDeploymentPostprocessing = 0;
			shellPath = /bin/sh;
			shellScript = "diff \"${PODS_PODFILE_DIR_PATH}/Podfile.lock\" \"${PODS_ROOT}/Manifest.lock\" > /dev/null\nif [ $? != 0 ] ; then\n    # print error to STDERR\n    echo \"error: The sandbox is not in sync with the Podfile.lock. Run 'pod install' or update your CocoaPods installation.\" >&2\n    exit 1\nfi\n";
			showEnvVarsInLog = 0;
		};
		0F8C67E843AC25E7B3EFA8D1 /* [CP] Embed Pods Frameworks */ = {
			isa = PBXShellScriptBuildPhase;
			buildActionMask = 2147483647;
			files = (
			);
			inputPaths = (
			);
			name = "[CP] Embed Pods Frameworks";
			outputPaths = (
			);
			runOnlyForDeploymentPostprocessing = 0;
			shellPath = /bin/sh;
			shellScript = "\"${SRCROOT}/Pods/Target Support Files/Pods-DragAndDropResearchUITests/Pods-DragAndDropResearchUITests-frameworks.sh\"\n";
			showEnvVarsInLog = 0;
		};
		1235B9F331745DDA5F42DCFC /* [CP] Copy Pods Resources */ = {
			isa = PBXShellScriptBuildPhase;
			buildActionMask = 2147483647;
			files = (
			);
			inputPaths = (
			);
			name = "[CP] Copy Pods Resources";
			outputPaths = (
			);
			runOnlyForDeploymentPostprocessing = 0;
			shellPath = /bin/sh;
			shellScript = "\"${SRCROOT}/Pods/Target Support Files/Pods-DragAndDropResearch/Pods-DragAndDropResearch-resources.sh\"\n";
			showEnvVarsInLog = 0;
		};
		8708F705A45E501B572D38EC /* [CP] Copy Pods Resources */ = {
			isa = PBXShellScriptBuildPhase;
			buildActionMask = 2147483647;
			files = (
			);
			inputPaths = (
			);
			name = "[CP] Copy Pods Resources";
			outputPaths = (
			);
			runOnlyForDeploymentPostprocessing = 0;
			shellPath = /bin/sh;
			shellScript = "\"${SRCROOT}/Pods/Target Support Files/Pods-DragAndDropResearchUITests/Pods-DragAndDropResearchUITests-resources.sh\"\n";
			showEnvVarsInLog = 0;
		};
		AA5FA328A52DBAD721519E3A /* [CP] Copy Pods Resources */ = {
			isa = PBXShellScriptBuildPhase;
			buildActionMask = 2147483647;
			files = (
			);
			inputPaths = (
			);
			name = "[CP] Copy Pods Resources";
			outputPaths = (
			);
			runOnlyForDeploymentPostprocessing = 0;
			shellPath = /bin/sh;
			shellScript = "\"${SRCROOT}/Pods/Target Support Files/Pods-DragAndDropResearchTests/Pods-DragAndDropResearchTests-resources.sh\"\n";
			showEnvVarsInLog = 0;
		};
		B70955BD75F4CF1ABED776C7 /* [CP] Check Pods Manifest.lock */ = {
			isa = PBXShellScriptBuildPhase;
			buildActionMask = 2147483647;
			files = (
			);
			inputPaths = (
			);
			name = "[CP] Check Pods Manifest.lock";
			outputPaths = (
			);
			runOnlyForDeploymentPostprocessing = 0;
			shellPath = /bin/sh;
			shellScript = "diff \"${PODS_PODFILE_DIR_PATH}/Podfile.lock\" \"${PODS_ROOT}/Manifest.lock\" > /dev/null\nif [ $? != 0 ] ; then\n    # print error to STDERR\n    echo \"error: The sandbox is not in sync with the Podfile.lock. Run 'pod install' or update your CocoaPods installation.\" >&2\n    exit 1\nfi\n";
			showEnvVarsInLog = 0;
		};
		D8AEA1D4D08B2E97CB73CE5B /* [CP] Check Pods Manifest.lock */ = {
			isa = PBXShellScriptBuildPhase;
			buildActionMask = 2147483647;
			files = (
			);
			inputPaths = (
			);
			name = "[CP] Check Pods Manifest.lock";
			outputPaths = (
			);
			runOnlyForDeploymentPostprocessing = 0;
			shellPath = /bin/sh;
			shellScript = "diff \"${PODS_PODFILE_DIR_PATH}/Podfile.lock\" \"${PODS_ROOT}/Manifest.lock\" > /dev/null\nif [ $? != 0 ] ; then\n    # print error to STDERR\n    echo \"error: The sandbox is not in sync with the Podfile.lock. Run 'pod install' or update your CocoaPods installation.\" >&2\n    exit 1\nfi\n";
			showEnvVarsInLog = 0;
		};
		E60DF091AB4BDD0ED2232386 /* [CP] Embed Pods Frameworks */ = {
			isa = PBXShellScriptBuildPhase;
			buildActionMask = 2147483647;
			files = (
			);
			inputPaths = (
			);
			name = "[CP] Embed Pods Frameworks";
			outputPaths = (
			);
			runOnlyForDeploymentPostprocessing = 0;
			shellPath = /bin/sh;
			shellScript = "\"${SRCROOT}/Pods/Target Support Files/Pods-DragAndDropResearchTests/Pods-DragAndDropResearchTests-frameworks.sh\"\n";
			showEnvVarsInLog = 0;
		};
		F7BB1143B4A8E1A74BB5F07F /* [CP] Embed Pods Frameworks */ = {
			isa = PBXShellScriptBuildPhase;
			buildActionMask = 2147483647;
			files = (
			);
			inputPaths = (
			);
			name = "[CP] Embed Pods Frameworks";
			outputPaths = (
			);
			runOnlyForDeploymentPostprocessing = 0;
			shellPath = /bin/sh;
			shellScript = "\"${SRCROOT}/Pods/Target Support Files/Pods-DragAndDropResearch/Pods-DragAndDropResearch-frameworks.sh\"\n";
			showEnvVarsInLog = 0;
		};
/* End PBXShellScriptBuildPhase section */

/* Begin PBXSourcesBuildPhase section */
		097D23C91F30707100DF7649 /* Sources */ = {
			isa = PBXSourcesBuildPhase;
			buildActionMask = 2147483647;
			files = (
				097D23D31F30707100DF7649 /* ViewController.swift in Sources */,
				097D23D11F30707100DF7649 /* AppDelegate.swift in Sources */,
				097D23FF1F30709800DF7649 /* DragToPasteViewController.swift in Sources */,
			);
			runOnlyForDeploymentPostprocessing = 0;
		};
		097D23DD1F30707100DF7649 /* Sources */ = {
			isa = PBXSourcesBuildPhase;
			buildActionMask = 2147483647;
			files = (
				097D23E61F30707100DF7649 /* DragAndDropResearchTests.swift in Sources */,
			);
			runOnlyForDeploymentPostprocessing = 0;
		};
		097D23E81F30707100DF7649 /* Sources */ = {
			isa = PBXSourcesBuildPhase;
			buildActionMask = 2147483647;
			files = (
				097D23F11F30707100DF7649 /* DragAndDropResearchUITests.swift in Sources */,
			);
			runOnlyForDeploymentPostprocessing = 0;
		};
/* End PBXSourcesBuildPhase section */

/* Begin PBXTargetDependency section */
		097D23E31F30707100DF7649 /* PBXTargetDependency */ = {
			isa = PBXTargetDependency;
			target = 097D23CC1F30707100DF7649 /* DragAndDropResearch */;
			targetProxy = 097D23E21F30707100DF7649 /* PBXContainerItemProxy */;
		};
		097D23EE1F30707100DF7649 /* PBXTargetDependency */ = {
			isa = PBXTargetDependency;
			target = 097D23CC1F30707100DF7649 /* DragAndDropResearch */;
			targetProxy = 097D23ED1F30707100DF7649 /* PBXContainerItemProxy */;
		};
/* End PBXTargetDependency section */

/* Begin PBXVariantGroup section */
		097D23D41F30707100DF7649 /* Main.storyboard */ = {
			isa = PBXVariantGroup;
			children = (
				097D23D51F30707100DF7649 /* Base */,
			);
			name = Main.storyboard;
			sourceTree = "<group>";
		};
		097D23D91F30707100DF7649 /* LaunchScreen.storyboard */ = {
			isa = PBXVariantGroup;
			children = (
				097D23DA1F30707100DF7649 /* Base */,
			);
			name = LaunchScreen.storyboard;
			sourceTree = "<group>";
		};
/* End PBXVariantGroup section */

/* Begin XCBuildConfiguration section */
		097D23F31F30707100DF7649 /* Debug */ = {
			isa = XCBuildConfiguration;
			buildSettings = {
				ALWAYS_SEARCH_USER_PATHS = NO;
				CLANG_ANALYZER_NONNULL = YES;
				CLANG_ANALYZER_NUMBER_OBJECT_CONVERSION = YES_AGGRESSIVE;
				CLANG_CXX_LANGUAGE_STANDARD = "gnu++14";
				CLANG_CXX_LIBRARY = "libc++";
				CLANG_ENABLE_MODULES = YES;
				CLANG_ENABLE_OBJC_ARC = YES;
				CLANG_WARN_BLOCK_CAPTURE_AUTORELEASING = YES;
				CLANG_WARN_BOOL_CONVERSION = YES;
				CLANG_WARN_COMMA = YES;
				CLANG_WARN_CONSTANT_CONVERSION = YES;
				CLANG_WARN_DIRECT_OBJC_ISA_USAGE = YES_ERROR;
				CLANG_WARN_DOCUMENTATION_COMMENTS = YES;
				CLANG_WARN_EMPTY_BODY = YES;
				CLANG_WARN_ENUM_CONVERSION = YES;
				CLANG_WARN_INFINITE_RECURSION = YES;
				CLANG_WARN_INT_CONVERSION = YES;
				CLANG_WARN_NON_LITERAL_NULL_CONVERSION = YES;
				CLANG_WARN_OBJC_LITERAL_CONVERSION = YES;
				CLANG_WARN_OBJC_ROOT_CLASS = YES_ERROR;
				CLANG_WARN_RANGE_LOOP_ANALYSIS = YES;
				CLANG_WARN_STRICT_PROTOTYPES = YES;
				CLANG_WARN_SUSPICIOUS_MOVE = YES;
				CLANG_WARN_UNGUARDED_AVAILABILITY = YES_AGGRESSIVE;
				CLANG_WARN_UNREACHABLE_CODE = YES;
				CLANG_WARN__DUPLICATE_METHOD_MATCH = YES;
				CODE_SIGN_IDENTITY = "iPhone Developer";
				COPY_PHASE_STRIP = NO;
				DEBUG_INFORMATION_FORMAT = dwarf;
				ENABLE_STRICT_OBJC_MSGSEND = YES;
				ENABLE_TESTABILITY = YES;
				GCC_C_LANGUAGE_STANDARD = gnu11;
				GCC_DYNAMIC_NO_PIC = NO;
				GCC_NO_COMMON_BLOCKS = YES;
				GCC_OPTIMIZATION_LEVEL = 0;
				GCC_PREPROCESSOR_DEFINITIONS = (
					"DEBUG=1",
					"$(inherited)",
				);
				GCC_WARN_64_TO_32_BIT_CONVERSION = YES;
				GCC_WARN_ABOUT_RETURN_TYPE = YES_ERROR;
				GCC_WARN_UNDECLARED_SELECTOR = YES;
				GCC_WARN_UNINITIALIZED_AUTOS = YES_AGGRESSIVE;
				GCC_WARN_UNUSED_FUNCTION = YES;
				GCC_WARN_UNUSED_VARIABLE = YES;
				IPHONEOS_DEPLOYMENT_TARGET = 11.0;
				MTL_ENABLE_DEBUG_INFO = YES;
				ONLY_ACTIVE_ARCH = YES;
				SDKROOT = iphoneos;
				SWIFT_ACTIVE_COMPILATION_CONDITIONS = DEBUG;
				SWIFT_OPTIMIZATION_LEVEL = "-Onone";
			};
			name = Debug;
		};
		097D23F41F30707100DF7649 /* Release */ = {
			isa = XCBuildConfiguration;
			buildSettings = {
				ALWAYS_SEARCH_USER_PATHS = NO;
				CLANG_ANALYZER_NONNULL = YES;
				CLANG_ANALYZER_NUMBER_OBJECT_CONVERSION = YES_AGGRESSIVE;
				CLANG_CXX_LANGUAGE_STANDARD = "gnu++14";
				CLANG_CXX_LIBRARY = "libc++";
				CLANG_ENABLE_MODULES = YES;
				CLANG_ENABLE_OBJC_ARC = YES;
				CLANG_WARN_BLOCK_CAPTURE_AUTORELEASING = YES;
				CLANG_WARN_BOOL_CONVERSION = YES;
				CLANG_WARN_COMMA = YES;
				CLANG_WARN_CONSTANT_CONVERSION = YES;
				CLANG_WARN_DIRECT_OBJC_ISA_USAGE = YES_ERROR;
				CLANG_WARN_DOCUMENTATION_COMMENTS = YES;
				CLANG_WARN_EMPTY_BODY = YES;
				CLANG_WARN_ENUM_CONVERSION = YES;
				CLANG_WARN_INFINITE_RECURSION = YES;
				CLANG_WARN_INT_CONVERSION = YES;
				CLANG_WARN_NON_LITERAL_NULL_CONVERSION = YES;
				CLANG_WARN_OBJC_LITERAL_CONVERSION = YES;
				CLANG_WARN_OBJC_ROOT_CLASS = YES_ERROR;
				CLANG_WARN_RANGE_LOOP_ANALYSIS = YES;
				CLANG_WARN_STRICT_PROTOTYPES = YES;
				CLANG_WARN_SUSPICIOUS_MOVE = YES;
				CLANG_WARN_UNGUARDED_AVAILABILITY = YES_AGGRESSIVE;
				CLANG_WARN_UNREACHABLE_CODE = YES;
				CLANG_WARN__DUPLICATE_METHOD_MATCH = YES;
				CODE_SIGN_IDENTITY = "iPhone Developer";
				COPY_PHASE_STRIP = NO;
				DEBUG_INFORMATION_FORMAT = "dwarf-with-dsym";
				ENABLE_NS_ASSERTIONS = NO;
				ENABLE_STRICT_OBJC_MSGSEND = YES;
				GCC_C_LANGUAGE_STANDARD = gnu11;
				GCC_NO_COMMON_BLOCKS = YES;
				GCC_WARN_64_TO_32_BIT_CONVERSION = YES;
				GCC_WARN_ABOUT_RETURN_TYPE = YES_ERROR;
				GCC_WARN_UNDECLARED_SELECTOR = YES;
				GCC_WARN_UNINITIALIZED_AUTOS = YES_AGGRESSIVE;
				GCC_WARN_UNUSED_FUNCTION = YES;
				GCC_WARN_UNUSED_VARIABLE = YES;
				IPHONEOS_DEPLOYMENT_TARGET = 11.0;
				MTL_ENABLE_DEBUG_INFO = NO;
				SDKROOT = iphoneos;
				SWIFT_OPTIMIZATION_LEVEL = "-Owholemodule";
				VALIDATE_PRODUCT = YES;
			};
			name = Release;
		};
		097D23F61F30707100DF7649 /* Debug */ = {
			isa = XCBuildConfiguration;
			baseConfigurationReference = D9CEF0712F55B665E1071718 /* Pods-DragAndDropResearch.debug.xcconfig */;
			buildSettings = {
				ASSETCATALOG_COMPILER_APPICON_NAME = AppIcon;
				DEVELOPMENT_TEAM = 8RG52VJRN9;
				INFOPLIST_FILE = DragAndDropResearch/Info.plist;
				LD_RUNPATH_SEARCH_PATHS = "$(inherited) @executable_path/Frameworks";
				PRODUCT_BUNDLE_IDENTIFIER = MADAO.DragAndDropResearch;
				PRODUCT_NAME = "$(TARGET_NAME)";
				SWIFT_VERSION = 4.0;
				TARGETED_DEVICE_FAMILY = "1,2";
			};
			name = Debug;
		};
		097D23F71F30707100DF7649 /* Release */ = {
			isa = XCBuildConfiguration;
			baseConfigurationReference = C565400F533C8815DBD4D3D7 /* Pods-DragAndDropResearch.release.xcconfig */;
			buildSettings = {
				ASSETCATALOG_COMPILER_APPICON_NAME = AppIcon;
				DEVELOPMENT_TEAM = 8RG52VJRN9;
				INFOPLIST_FILE = DragAndDropResearch/Info.plist;
				LD_RUNPATH_SEARCH_PATHS = "$(inherited) @executable_path/Frameworks";
				PRODUCT_BUNDLE_IDENTIFIER = MADAO.DragAndDropResearch;
				PRODUCT_NAME = "$(TARGET_NAME)";
				SWIFT_VERSION = 4.0;
				TARGETED_DEVICE_FAMILY = "1,2";
			};
			name = Release;
		};
		097D23F91F30707100DF7649 /* Debug */ = {
			isa = XCBuildConfiguration;
			baseConfigurationReference = 23133418AF4FA778474DDB23 /* Pods-DragAndDropResearchTests.debug.xcconfig */;
			buildSettings = {
				ALWAYS_EMBED_SWIFT_STANDARD_LIBRARIES = YES;
				BUNDLE_LOADER = "$(TEST_HOST)";
				DEVELOPMENT_TEAM = 8RG52VJRN9;
				INFOPLIST_FILE = DragAndDropResearchTests/Info.plist;
				LD_RUNPATH_SEARCH_PATHS = "$(inherited) @executable_path/Frameworks @loader_path/Frameworks";
				PRODUCT_BUNDLE_IDENTIFIER = MADAO.DragAndDropResearchTests;
				PRODUCT_NAME = "$(TARGET_NAME)";
				SWIFT_VERSION = 4.0;
				TARGETED_DEVICE_FAMILY = "1,2";
				TEST_HOST = "$(BUILT_PRODUCTS_DIR)/DragAndDropResearch.app/DragAndDropResearch";
			};
			name = Debug;
		};
		097D23FA1F30707100DF7649 /* Release */ = {
			isa = XCBuildConfiguration;
			baseConfigurationReference = 123AA62B1E62C618BC9E4A21 /* Pods-DragAndDropResearchTests.release.xcconfig */;
			buildSettings = {
				ALWAYS_EMBED_SWIFT_STANDARD_LIBRARIES = YES;
				BUNDLE_LOADER = "$(TEST_HOST)";
				DEVELOPMENT_TEAM = 8RG52VJRN9;
				INFOPLIST_FILE = DragAndDropResearchTests/Info.plist;
				LD_RUNPATH_SEARCH_PATHS = "$(inherited) @executable_path/Frameworks @loader_path/Frameworks";
				PRODUCT_BUNDLE_IDENTIFIER = MADAO.DragAndDropResearchTests;
				PRODUCT_NAME = "$(TARGET_NAME)";
				SWIFT_VERSION = 4.0;
				TARGETED_DEVICE_FAMILY = "1,2";
				TEST_HOST = "$(BUILT_PRODUCTS_DIR)/DragAndDropResearch.app/DragAndDropResearch";
			};
			name = Release;
		};
		097D23FC1F30707100DF7649 /* Debug */ = {
			isa = XCBuildConfiguration;
			baseConfigurationReference = C1BF6CF9ECF2E125024BF5D2 /* Pods-DragAndDropResearchUITests.debug.xcconfig */;
			buildSettings = {
				ALWAYS_EMBED_SWIFT_STANDARD_LIBRARIES = YES;
				DEVELOPMENT_TEAM = 8RG52VJRN9;
				INFOPLIST_FILE = DragAndDropResearchUITests/Info.plist;
				LD_RUNPATH_SEARCH_PATHS = "$(inherited) @executable_path/Frameworks @loader_path/Frameworks";
				PRODUCT_BUNDLE_IDENTIFIER = MADAO.DragAndDropResearchUITests;
				PRODUCT_NAME = "$(TARGET_NAME)";
				SWIFT_VERSION = 4.0;
				TARGETED_DEVICE_FAMILY = "1,2";
				TEST_TARGET_NAME = DragAndDropResearch;
			};
			name = Debug;
		};
		097D23FD1F30707100DF7649 /* Release */ = {
			isa = XCBuildConfiguration;
			baseConfigurationReference = 815D0752A75105495C32BA57 /* Pods-DragAndDropResearchUITests.release.xcconfig */;
			buildSettings = {
				ALWAYS_EMBED_SWIFT_STANDARD_LIBRARIES = YES;
				DEVELOPMENT_TEAM = 8RG52VJRN9;
				INFOPLIST_FILE = DragAndDropResearchUITests/Info.plist;
				LD_RUNPATH_SEARCH_PATHS = "$(inherited) @executable_path/Frameworks @loader_path/Frameworks";
				PRODUCT_BUNDLE_IDENTIFIER = MADAO.DragAndDropResearchUITests;
				PRODUCT_NAME = "$(TARGET_NAME)";
				SWIFT_VERSION = 4.0;
				TARGETED_DEVICE_FAMILY = "1,2";
				TEST_TARGET_NAME = DragAndDropResearch;
			};
			name = Release;
		};
/* End XCBuildConfiguration section */

/* Begin XCConfigurationList section */
		097D23C81F30707100DF7649 /* Build configuration list for PBXProject "DragAndDropResearch" */ = {
			isa = XCConfigurationList;
			buildConfigurations = (
				097D23F31F30707100DF7649 /* Debug */,
				097D23F41F30707100DF7649 /* Release */,
			);
			defaultConfigurationIsVisible = 0;
			defaultConfigurationName = Release;
		};
		097D23F51F30707100DF7649 /* Build configuration list for PBXNativeTarget "DragAndDropResearch" */ = {
			isa = XCConfigurationList;
			buildConfigurations = (
				097D23F61F30707100DF7649 /* Debug */,
				097D23F71F30707100DF7649 /* Release */,
			);
			defaultConfigurationIsVisible = 0;
			defaultConfigurationName = Release;
		};
		097D23F81F30707100DF7649 /* Build configuration list for PBXNativeTarget "DragAndDropResearchTests" */ = {
			isa = XCConfigurationList;
			buildConfigurations = (
				097D23F91F30707100DF7649 /* Debug */,
				097D23FA1F30707100DF7649 /* Release */,
			);
			defaultConfigurationIsVisible = 0;
			defaultConfigurationName = Release;
		};
		097D23FB1F30707100DF7649 /* Build configuration list for PBXNativeTarget "DragAndDropResearchUITests" */ = {
			isa = XCConfigurationList;
			buildConfigurations = (
				097D23FC1F30707100DF7649 /* Debug */,
				097D23FD1F30707100DF7649 /* Release */,
			);
			defaultConfigurationIsVisible = 0;
			defaultConfigurationName = Release;
		};
/* End XCConfigurationList section */
	};
	rootObject = 097D23C51F30707100DF7649 /* Project object */;
}
